
Microsoft Visual Studio Solution File, Format Version 12.00
# Visual Studio Version 17
VisualStudioVersion = 17.5.33424.131
MinimumVisualStudioVersion = 10.0.40219.1
Project("{FAE04EC0-301F-11D3-BF4B-00C04F79EFBC}") = "GestionBancaria", "GestionBancaria\GestionBancaria.csproj", "{D0D8E951-09B1-47AD-B736-B0ACFA32E9EE}"
EndProject
Global
	GlobalSection(SolutionConfigurationPlatforms) = preSolution
		Debug|Any CPU = Debug|Any CPU
		Release|Any CPU = Release|Any CPU
	EndGlobalSection
	GlobalSection(ProjectConfigurationPlatforms) = postSolution
		{D0D8E951-09B1-47AD-B736-B0ACFA32E9EE}.Debug|Any CPU.ActiveCfg = Debug|Any CPU
		{D0D8E951-09B1-47AD-B736-B0ACFA32E9EE}.Debug|Any CPU.Build.0 = Debug|Any CPU
		{D0D8E951-09B1-47AD-B736-B0ACFA32E9EE}.Release|Any CPU.ActiveCfg = Release|Any CPU
		{D0D8E951-09B1-47AD-B736-B0ACFA32E9EE}.Release|Any CPU.Build.0 = Release|Any CPU
	EndGlobalSection
	GlobalSection(SolutionProperties) = preSolution
		HideSolutionNode = FALSE
	EndGlobalSection
	GlobalSection(ExtensibilityGlobals) = postSolution
		SolutionGuid = {FEF0BC0C-8305-49E4-B777-E8CA5A0BBA65}
	EndGlobalSection
EndGlobal
